{
	"name": "@hugoalh/symmetric-crypto",
	"version": "1.2.10",
	"lockfileVersion": 1,
	"requires": true,
	"dependencies": {
		"@hugoalh/advanced-determine": {
			"version": "6.4.0",
			"resolved": "https://registry.npmjs.org/@hugoalh/advanced-determine/-/advanced-determine-6.4.0.tgz",
			"integrity": "sha512-4/zoZ1N8DGH+LUqm8hzQexnLpwCAKqrOlMeCGoJcAbQG+e+RYgCu3sDDGKu0toOxyOBwWQpTBYbNwt9iHsmGIw==",
			"requires": {
				"@hugoalh/undefinish": "^1.0.2"
			}
		},
		"@hugoalh/undefinish": {
			"version": "1.0.2",
			"resolved": "https://registry.npmjs.org/@hugoalh/undefinish/-/undefinish-1.0.2.tgz",
			"integrity": "sha512-awXQ097drNAGlo9GkB4jMtl4gi4r3U1EX/BPPx//1l/dUw16jf/AcjfLfCdMg4bRe+ECOhpeYOu4Ltg6GL1sVA=="
		}
	}
}
