{
	"name": "@hugoalh/symmetric-crypto",
	"version": "1.2.4",
	"lockfileVersion": 1,
	"requires": true,
	"dependencies": {
		"@hugoalh/advanced-determine": {
			"version": "6.0.6",
			"resolved": "https://registry.npmjs.org/@hugoalh/advanced-determine/-/advanced-determine-6.0.6.tgz",
			"integrity": "sha512-yRANg/qNoYPCcbO/pEUfkXxIgZ1dzZgyc2jEReW0dPtidt8VcS/Jb7S2uWZY8nEbX4UrbZzw3N3o6BTa575pzA=="
		}
	}
}
