{
	"name": "@hugoalh/symmetric-crypto",
	"version": "1.2.6",
	"lockfileVersion": 1,
	"requires": true,
	"dependencies": {
		"@hugoalh/advanced-determine": {
			"version": "6.1.1",
			"resolved": "https://registry.npmjs.org/@hugoalh/advanced-determine/-/advanced-determine-6.1.1.tgz",
			"integrity": "sha512-/Sf5xE75DguMZsMimNJwyZJ9LS7RpjVUNOnkFid/HmCdDlEEd7FgAf7d5wuLvUhXc5NVX0hCcI47LMzff7MiiA=="
		}
	}
}
